
Microsoft Visual Studio Solution File, Format Version 12.00
# Visual Studio Version 17
VisualStudioVersion = 17.5.002.0
MinimumVisualStudioVersion = 10.0.40219.1
Project("{9A19103F-16F7-4668-BE54-9A1E7A4F7556}") = "sampleRulesEngine", "src\sampleRulesEngine.csproj", "{3184BFFA-4889-420C-8C79-2C6297CBB41D}"
EndProject
Global
	GlobalSection(SolutionConfigurationPlatforms) = preSolution
		Debug|Any CPU = Debug|Any CPU
		Release|Any CPU = Release|Any CPU
	EndGlobalSection
	GlobalSection(ProjectConfigurationPlatforms) = postSolution
		{3184BFFA-4889-420C-8C79-2C6297CBB41D}.Debug|Any CPU.ActiveCfg = Debug|Any CPU
		{3184BFFA-4889-420C-8C79-2C6297CBB41D}.Debug|Any CPU.Build.0 = Debug|Any CPU
		{3184BFFA-4889-420C-8C79-2C6297CBB41D}.Release|Any CPU.ActiveCfg = Release|Any CPU
		{3184BFFA-4889-420C-8C79-2C6297CBB41D}.Release|Any CPU.Build.0 = Release|Any CPU
	EndGlobalSection
	GlobalSection(SolutionProperties) = preSolution
		HideSolutionNode = FALSE
	EndGlobalSection
	GlobalSection(ExtensibilityGlobals) = postSolution
		SolutionGuid = {C398DC77-CE67-42DE-864E-EDAB4FC4A5B1}
	EndGlobalSection
EndGlobal
